<?xml version="1.0" encoding="UTF-8"?>
<CodeBlocks_project_file>
	<FileVersion major="1" minor="6"/>
	<Project>
		<Option title="gtest"/>
		<Option makefile_is_custom="1"/>
		<Option compiler="clang"/>
		<Option virtualFolders="CMake Files\;CMake Files\test\;CMake Files\test\googletest\;CMake Files\test\googletest\cmake\;"/>
		<Build>
			<Target title="all">
				<Option working_dir="/Users/andrew/Projects/ai-ml-course/SDC-T2/CarND-Unscented-Kalman-Filter-Project/test/googletest"/>
				<Option type="4"/>
				<MakeCommands>
					<Build command="/opt/local/bin/gmake -j4 -f &quot;/Users/andrew/Projects/ai-ml-course/SDC-T2/CarND-Unscented-Kalman-Filter-Project/test/googletest/Makefile&quot;  VERBOSE=1 all"/>
					<CompileFile command="/opt/local/bin/gmake -j4 -f &quot;/Users/andrew/Projects/ai-ml-course/SDC-T2/CarND-Unscented-Kalman-Filter-Project/test/googletest/Makefile&quot;  VERBOSE=1 &quot;$file&quot;"/>
					<Clean command="/opt/local/bin/gmake -j4 -f &quot;/Users/andrew/Projects/ai-ml-course/SDC-T2/CarND-Unscented-Kalman-Filter-Project/test/googletest/Makefile&quot;  VERBOSE=1 clean"/>
					<DistClean command="/opt/local/bin/gmake -j4 -f &quot;/Users/andrew/Projects/ai-ml-course/SDC-T2/CarND-Unscented-Kalman-Filter-Project/test/googletest/Makefile&quot;  VERBOSE=1 clean"/>
				</MakeCommands>
			</Target>
			<Target title="gtest_main">
				<Option output="/Users/andrew/Projects/ai-ml-course/SDC-T2/CarND-Unscented-Kalman-Filter-Project/test/googletest/libgtest_maind.a" prefix_auto="0" extension_auto="0"/>
				<Option working_dir="/Users/andrew/Projects/ai-ml-course/SDC-T2/CarND-Unscented-Kalman-Filter-Project/test/googletest"/>
				<Option object_output="./"/>
				<Option type="2"/>
				<Option compiler="clang"/>
				<Compiler>
					<Add directory="/usr/local/include"/>
					<Add directory="/usr/local/opt/openssl/include"/>
					<Add directory="/Users/andrew/Projects/ai-ml-course/SDC-T2/CarND-Unscented-Kalman-Filter-Project/test/googletest/include"/>
					<Add directory="/Users/andrew/Projects/ai-ml-course/SDC-T2/CarND-Unscented-Kalman-Filter-Project/test/googletest"/>
					<Add directory="/Applications/Xcode.app/Contents/Developer/Toolchains/XcodeDefault.xctoolchain/usr/lib/clang/9.0.0/include"/>
					<Add directory="/Applications/Xcode.app/Contents/Developer/Toolchains/XcodeDefault.xctoolchain/usr/include"/>
					<Add directory="/System/Library/Frameworks"/>
					<Add directory="/Library/Frameworks"/>
					<Add directory="/Applications/Xcode.app/Contents/Developer/Toolchains/XcodeDefault.xctoolchain/usr/include/c++/v1"/>
				</Compiler>
				<MakeCommands>
					<Build command="/opt/local/bin/gmake -j4 -f &quot;/Users/andrew/Projects/ai-ml-course/SDC-T2/CarND-Unscented-Kalman-Filter-Project/test/googletest/Makefile&quot;  VERBOSE=1 gtest_main"/>
					<CompileFile command="/opt/local/bin/gmake -j4 -f &quot;/Users/andrew/Projects/ai-ml-course/SDC-T2/CarND-Unscented-Kalman-Filter-Project/test/googletest/Makefile&quot;  VERBOSE=1 &quot;$file&quot;"/>
					<Clean command="/opt/local/bin/gmake -j4 -f &quot;/Users/andrew/Projects/ai-ml-course/SDC-T2/CarND-Unscented-Kalman-Filter-Project/test/googletest/Makefile&quot;  VERBOSE=1 clean"/>
					<DistClean command="/opt/local/bin/gmake -j4 -f &quot;/Users/andrew/Projects/ai-ml-course/SDC-T2/CarND-Unscented-Kalman-Filter-Project/test/googletest/Makefile&quot;  VERBOSE=1 clean"/>
				</MakeCommands>
			</Target>
			<Target title="gtest_main/fast">
				<Option output="/Users/andrew/Projects/ai-ml-course/SDC-T2/CarND-Unscented-Kalman-Filter-Project/test/googletest/libgtest_maind.a" prefix_auto="0" extension_auto="0"/>
				<Option working_dir="/Users/andrew/Projects/ai-ml-course/SDC-T2/CarND-Unscented-Kalman-Filter-Project/test/googletest"/>
				<Option object_output="./"/>
				<Option type="2"/>
				<Option compiler="clang"/>
				<Compiler>
					<Add directory="/usr/local/include"/>
					<Add directory="/usr/local/opt/openssl/include"/>
					<Add directory="/Users/andrew/Projects/ai-ml-course/SDC-T2/CarND-Unscented-Kalman-Filter-Project/test/googletest/include"/>
					<Add directory="/Users/andrew/Projects/ai-ml-course/SDC-T2/CarND-Unscented-Kalman-Filter-Project/test/googletest"/>
					<Add directory="/Applications/Xcode.app/Contents/Developer/Toolchains/XcodeDefault.xctoolchain/usr/lib/clang/9.0.0/include"/>
					<Add directory="/Applications/Xcode.app/Contents/Developer/Toolchains/XcodeDefault.xctoolchain/usr/include"/>
					<Add directory="/System/Library/Frameworks"/>
					<Add directory="/Library/Frameworks"/>
					<Add directory="/Applications/Xcode.app/Contents/Developer/Toolchains/XcodeDefault.xctoolchain/usr/include/c++/v1"/>
				</Compiler>
				<MakeCommands>
					<Build command="/opt/local/bin/gmake -j4 -f &quot;/Users/andrew/Projects/ai-ml-course/SDC-T2/CarND-Unscented-Kalman-Filter-Project/test/googletest/Makefile&quot;  VERBOSE=1 gtest_main/fast"/>
					<CompileFile command="/opt/local/bin/gmake -j4 -f &quot;/Users/andrew/Projects/ai-ml-course/SDC-T2/CarND-Unscented-Kalman-Filter-Project/test/googletest/Makefile&quot;  VERBOSE=1 &quot;$file&quot;"/>
					<Clean command="/opt/local/bin/gmake -j4 -f &quot;/Users/andrew/Projects/ai-ml-course/SDC-T2/CarND-Unscented-Kalman-Filter-Project/test/googletest/Makefile&quot;  VERBOSE=1 clean"/>
					<DistClean command="/opt/local/bin/gmake -j4 -f &quot;/Users/andrew/Projects/ai-ml-course/SDC-T2/CarND-Unscented-Kalman-Filter-Project/test/googletest/Makefile&quot;  VERBOSE=1 clean"/>
				</MakeCommands>
			</Target>
			<Target title="gtest">
				<Option output="/Users/andrew/Projects/ai-ml-course/SDC-T2/CarND-Unscented-Kalman-Filter-Project/test/googletest/libgtestd.a" prefix_auto="0" extension_auto="0"/>
				<Option working_dir="/Users/andrew/Projects/ai-ml-course/SDC-T2/CarND-Unscented-Kalman-Filter-Project/test/googletest"/>
				<Option object_output="./"/>
				<Option type="2"/>
				<Option compiler="clang"/>
				<Compiler>
					<Add directory="/usr/local/include"/>
					<Add directory="/usr/local/opt/openssl/include"/>
					<Add directory="/Users/andrew/Projects/ai-ml-course/SDC-T2/CarND-Unscented-Kalman-Filter-Project/test/googletest/include"/>
					<Add directory="/Users/andrew/Projects/ai-ml-course/SDC-T2/CarND-Unscented-Kalman-Filter-Project/test/googletest"/>
					<Add directory="/Applications/Xcode.app/Contents/Developer/Toolchains/XcodeDefault.xctoolchain/usr/lib/clang/9.0.0/include"/>
					<Add directory="/Applications/Xcode.app/Contents/Developer/Toolchains/XcodeDefault.xctoolchain/usr/include"/>
					<Add directory="/System/Library/Frameworks"/>
					<Add directory="/Library/Frameworks"/>
					<Add directory="/Applications/Xcode.app/Contents/Developer/Toolchains/XcodeDefault.xctoolchain/usr/include/c++/v1"/>
				</Compiler>
				<MakeCommands>
					<Build command="/opt/local/bin/gmake -j4 -f &quot;/Users/andrew/Projects/ai-ml-course/SDC-T2/CarND-Unscented-Kalman-Filter-Project/test/googletest/Makefile&quot;  VERBOSE=1 gtest"/>
					<CompileFile command="/opt/local/bin/gmake -j4 -f &quot;/Users/andrew/Projects/ai-ml-course/SDC-T2/CarND-Unscented-Kalman-Filter-Project/test/googletest/Makefile&quot;  VERBOSE=1 &quot;$file&quot;"/>
					<Clean command="/opt/local/bin/gmake -j4 -f &quot;/Users/andrew/Projects/ai-ml-course/SDC-T2/CarND-Unscented-Kalman-Filter-Project/test/googletest/Makefile&quot;  VERBOSE=1 clean"/>
					<DistClean command="/opt/local/bin/gmake -j4 -f &quot;/Users/andrew/Projects/ai-ml-course/SDC-T2/CarND-Unscented-Kalman-Filter-Project/test/googletest/Makefile&quot;  VERBOSE=1 clean"/>
				</MakeCommands>
			</Target>
			<Target title="gtest/fast">
				<Option output="/Users/andrew/Projects/ai-ml-course/SDC-T2/CarND-Unscented-Kalman-Filter-Project/test/googletest/libgtestd.a" prefix_auto="0" extension_auto="0"/>
				<Option working_dir="/Users/andrew/Projects/ai-ml-course/SDC-T2/CarND-Unscented-Kalman-Filter-Project/test/googletest"/>
				<Option object_output="./"/>
				<Option type="2"/>
				<Option compiler="clang"/>
				<Compiler>
					<Add directory="/usr/local/include"/>
					<Add directory="/usr/local/opt/openssl/include"/>
					<Add directory="/Users/andrew/Projects/ai-ml-course/SDC-T2/CarND-Unscented-Kalman-Filter-Project/test/googletest/include"/>
					<Add directory="/Users/andrew/Projects/ai-ml-course/SDC-T2/CarND-Unscented-Kalman-Filter-Project/test/googletest"/>
					<Add directory="/Applications/Xcode.app/Contents/Developer/Toolchains/XcodeDefault.xctoolchain/usr/lib/clang/9.0.0/include"/>
					<Add directory="/Applications/Xcode.app/Contents/Developer/Toolchains/XcodeDefault.xctoolchain/usr/include"/>
					<Add directory="/System/Library/Frameworks"/>
					<Add directory="/Library/Frameworks"/>
					<Add directory="/Applications/Xcode.app/Contents/Developer/Toolchains/XcodeDefault.xctoolchain/usr/include/c++/v1"/>
				</Compiler>
				<MakeCommands>
					<Build command="/opt/local/bin/gmake -j4 -f &quot;/Users/andrew/Projects/ai-ml-course/SDC-T2/CarND-Unscented-Kalman-Filter-Project/test/googletest/Makefile&quot;  VERBOSE=1 gtest/fast"/>
					<CompileFile command="/opt/local/bin/gmake -j4 -f &quot;/Users/andrew/Projects/ai-ml-course/SDC-T2/CarND-Unscented-Kalman-Filter-Project/test/googletest/Makefile&quot;  VERBOSE=1 &quot;$file&quot;"/>
					<Clean command="/opt/local/bin/gmake -j4 -f &quot;/Users/andrew/Projects/ai-ml-course/SDC-T2/CarND-Unscented-Kalman-Filter-Project/test/googletest/Makefile&quot;  VERBOSE=1 clean"/>
					<DistClean command="/opt/local/bin/gmake -j4 -f &quot;/Users/andrew/Projects/ai-ml-course/SDC-T2/CarND-Unscented-Kalman-Filter-Project/test/googletest/Makefile&quot;  VERBOSE=1 clean"/>
				</MakeCommands>
			</Target>
		</Build>
		<Unit filename="/Users/andrew/Projects/ai-ml-course/SDC-T2/CarND-Unscented-Kalman-Filter-Project/test/googletest/src/gtest-all.cc">
			<Option target="gtest"/>
		</Unit>
		<Unit filename="/Users/andrew/Projects/ai-ml-course/SDC-T2/CarND-Unscented-Kalman-Filter-Project/test/googletest/src/gtest_main.cc">
			<Option target="gtest_main"/>
		</Unit>
		<Unit filename="/Users/andrew/Projects/ai-ml-course/SDC-T2/CarND-Unscented-Kalman-Filter-Project/CMakeLists.txt">
			<Option virtualFolder="CMake Files\"/>
		</Unit>
		<Unit filename="/Users/andrew/Projects/ai-ml-course/SDC-T2/CarND-Unscented-Kalman-Filter-Project/test/CMakeLists.txt">
			<Option virtualFolder="CMake Files\test\"/>
		</Unit>
		<Unit filename="/Users/andrew/Projects/ai-ml-course/SDC-T2/CarND-Unscented-Kalman-Filter-Project/test/googletest/CMakeLists.txt">
			<Option virtualFolder="CMake Files\test\googletest\"/>
		</Unit>
		<Unit filename="/Users/andrew/Projects/ai-ml-course/SDC-T2/CarND-Unscented-Kalman-Filter-Project/test/googletest/CMakeLists.txt">
			<Option virtualFolder="CMake Files\test\googletest\"/>
		</Unit>
		<Unit filename="/Users/andrew/Projects/ai-ml-course/SDC-T2/CarND-Unscented-Kalman-Filter-Project/test/googletest/cmake/internal_utils.cmake">
			<Option virtualFolder="CMake Files\test\googletest\cmake\"/>
		</Unit>
		<Unit filename="/Users/andrew/Projects/ai-ml-course/SDC-T2/CarND-Unscented-Kalman-Filter-Project/test/googletest/cmake/internal_utils.cmake">
			<Option virtualFolder="CMake Files\test\googletest\cmake\"/>
		</Unit>
	</Project>
</CodeBlocks_project_file>
